
Microsoft Visual Studio Solution File, Format Version 12.00
# Visual Studio Version 16
VisualStudioVersion = 16.0.29123.89
MinimumVisualStudioVersion = 10.0.40219.1
Project("{9A19103F-16F7-4668-BE54-9A1E7A4F7556}") = "AspNetCoreHelloBlinky", "AspNetCoreHelloBlinky.csproj", "{87F8DD6F-AB03-432C-A668-DAC7210B64DF}"
EndProject
Global
	GlobalSection(SolutionConfigurationPlatforms) = preSolution
		Debug|Any CPU = Debug|Any CPU
		Release|Any CPU = Release|Any CPU
	EndGlobalSection
	GlobalSection(ProjectConfigurationPlatforms) = postSolution
		{87F8DD6F-AB03-432C-A668-DAC7210B64DF}.Debug|Any CPU.ActiveCfg = Debug|Any CPU
		{87F8DD6F-AB03-432C-A668-DAC7210B64DF}.Debug|Any CPU.Build.0 = Debug|Any CPU
		{87F8DD6F-AB03-432C-A668-DAC7210B64DF}.Release|Any CPU.ActiveCfg = Release|Any CPU
		{87F8DD6F-AB03-432C-A668-DAC7210B64DF}.Release|Any CPU.Build.0 = Release|Any CPU
	EndGlobalSection
	GlobalSection(SolutionProperties) = preSolution
		HideSolutionNode = FALSE
	EndGlobalSection
	GlobalSection(ExtensibilityGlobals) = postSolution
		SolutionGuid = {1B3799D0-0F29-4DA6-8160-1ADAC254753A}
	EndGlobalSection
EndGlobal
